// !$*UTF8*$!
{
	archiveVersion = 1;
	classes = {
	};
	objectVersion = 46;
	objects = {

/* Begin PBXBuildFile section */
		10CAA5A21DD13B20008A9DFB /* MusicUtilities.swift in Sources */ = {isa = PBXBuildFile; fileRef = 10CAA5A11DD13B20008A9DFB /* MusicUtilities.swift */; };
		10EC75831DD0C5A500729151 /* AppDelegate.swift in Sources */ = {isa = PBXBuildFile; fileRef = 10EC75821DD0C5A500729151 /* AppDelegate.swift */; };
		10EC75851DD0C5A500729151 /* ViewController.swift in Sources */ = {isa = PBXBuildFile; fileRef = 10EC75841DD0C5A500729151 /* ViewController.swift */; };
		10EC75881DD0C5A500729151 /* Main.storyboard in Resources */ = {isa = PBXBuildFile; fileRef = 10EC75861DD0C5A500729151 /* Main.storyboard */; };
		10EC758A1DD0C5A500729151 /* Assets.xcassets in Resources */ = {isa = PBXBuildFile; fileRef = 10EC75891DD0C5A500729151 /* Assets.xcassets */; };
		10EC758D1DD0C5A500729151 /* LaunchScreen.storyboard in Resources */ = {isa = PBXBuildFile; fileRef = 10EC758B1DD0C5A500729151 /* LaunchScreen.storyboard */; };
		10EC75981DD0C5A500729151 /* watchTuneTests.swift in Sources */ = {isa = PBXBuildFile; fileRef = 10EC75971DD0C5A500729151 /* watchTuneTests.swift */; };
		10EC75A31DD0C5A500729151 /* watchTuneUITests.swift in Sources */ = {isa = PBXBuildFile; fileRef = 10EC75A21DD0C5A500729151 /* watchTuneUITests.swift */; };
		10EC75A81DD0C5A500729151 /* watchTune WatchKit App.app in Embed Watch Content */ = {isa = PBXBuildFile; fileRef = 10EC75A71DD0C5A500729151 /* watchTune WatchKit App.app */; };
		10EC75AE1DD0C5A500729151 /* Interface.storyboard in Resources */ = {isa = PBXBuildFile; fileRef = 10EC75AC1DD0C5A500729151 /* Interface.storyboard */; };
		10EC75B01DD0C5A500729151 /* Assets.xcassets in Resources */ = {isa = PBXBuildFile; fileRef = 10EC75AF1DD0C5A500729151 /* Assets.xcassets */; };
		10EC75B71DD0C5A500729151 /* watchTune WatchKit Extension.appex in Embed App Extensions */ = {isa = PBXBuildFile; fileRef = 10EC75B61DD0C5A500729151 /* watchTune WatchKit Extension.appex */; settings = {ATTRIBUTES = (RemoveHeadersOnCopy, ); }; };
		10EC75BE1DD0C5A500729151 /* InterfaceController.swift in Sources */ = {isa = PBXBuildFile; fileRef = 10EC75BD1DD0C5A500729151 /* InterfaceController.swift */; };
		10EC75C01DD0C5A500729151 /* ExtensionDelegate.swift in Sources */ = {isa = PBXBuildFile; fileRef = 10EC75BF1DD0C5A500729151 /* ExtensionDelegate.swift */; };
		10EC75C21DD0C5A500729151 /* NotificationController.swift in Sources */ = {isa = PBXBuildFile; fileRef = 10EC75C11DD0C5A500729151 /* NotificationController.swift */; };
		10EC75C41DD0C5A500729151 /* Assets.xcassets in Resources */ = {isa = PBXBuildFile; fileRef = 10EC75C31DD0C5A500729151 /* Assets.xcassets */; };
		19726F6911B9F6CDDA3009B3 /* Pods_watchTuneTests.framework in Frameworks */ = {isa = PBXBuildFile; fileRef = ED0B35799E6EF823FEE7F407 /* Pods_watchTuneTests.framework */; };
		2C04E600D0AF1F88A5F6FDAE /* Pods_watchTune_WatchKit_Extension.framework in Frameworks */ = {isa = PBXBuildFile; fileRef = 8D9CC7DB2809FA3DC383EB3F /* Pods_watchTune_WatchKit_Extension.framework */; };
		346E90AEFA1E130CCD9DCFCD /* Pods_watchTune_WatchKit_App.framework in Frameworks */ = {isa = PBXBuildFile; fileRef = B908D8E533047B4151A054F4 /* Pods_watchTune_WatchKit_App.framework */; };
		49048C7E76FDF917B593990E /* Pods_watchTuneUITests.framework in Frameworks */ = {isa = PBXBuildFile; fileRef = 49DB7C649CBFA856376337AD /* Pods_watchTuneUITests.framework */; };
		DA6ADC0E1DD1F7DB008A9F1F /* CircleContainerViewController.swift in Sources */ = {isa = PBXBuildFile; fileRef = DA6ADC0D1DD1F7DB008A9F1F /* CircleContainerViewController.swift */; };
		DAEAC9D81DD20C0E00E63A2F /* PickerContainerViewController.swift in Sources */ = {isa = PBXBuildFile; fileRef = DAEAC9D71DD20C0E00E63A2F /* PickerContainerViewController.swift */; };
		F7DE32DEE8B8164F29A75AC7 /* Pods_watchTune.framework in Frameworks */ = {isa = PBXBuildFile; fileRef = F4355626AD859636F3A4EADC /* Pods_watchTune.framework */; };
/* End PBXBuildFile section */

/* Begin PBXContainerItemProxy section */
		10EC75941DD0C5A500729151 /* PBXContainerItemProxy */ = {
			isa = PBXContainerItemProxy;
			containerPortal = 10EC75771DD0C5A500729151 /* Project object */;
			proxyType = 1;
			remoteGlobalIDString = 10EC757E1DD0C5A500729151;
			remoteInfo = watchTune;
		};
		10EC759F1DD0C5A500729151 /* PBXContainerItemProxy */ = {
			isa = PBXContainerItemProxy;
			containerPortal = 10EC75771DD0C5A500729151 /* Project object */;
			proxyType = 1;
			remoteGlobalIDString = 10EC757E1DD0C5A500729151;
			remoteInfo = watchTune;
		};
		10EC75A91DD0C5A500729151 /* PBXContainerItemProxy */ = {
			isa = PBXContainerItemProxy;
			containerPortal = 10EC75771DD0C5A500729151 /* Project object */;
			proxyType = 1;
			remoteGlobalIDString = 10EC75A61DD0C5A500729151;
			remoteInfo = "watchTune WatchKit App";
		};
		10EC75B81DD0C5A500729151 /* PBXContainerItemProxy */ = {
			isa = PBXContainerItemProxy;
			containerPortal = 10EC75771DD0C5A500729151 /* Project object */;
			proxyType = 1;
			remoteGlobalIDString = 10EC75B51DD0C5A500729151;
			remoteInfo = "watchTune WatchKit Extension";
		};
/* End PBXContainerItemProxy section */

/* Begin PBXCopyFilesBuildPhase section */
		10EC75CB1DD0C5A500729151 /* Embed App Extensions */ = {
			isa = PBXCopyFilesBuildPhase;
			buildActionMask = 2147483647;
			dstPath = "";
			dstSubfolderSpec = 13;
			files = (
				10EC75B71DD0C5A500729151 /* watchTune WatchKit Extension.appex in Embed App Extensions */,
			);
			name = "Embed App Extensions";
			runOnlyForDeploymentPostprocessing = 0;
		};
		10EC75CF1DD0C5A500729151 /* Embed Watch Content */ = {
			isa = PBXCopyFilesBuildPhase;
			buildActionMask = 2147483647;
			dstPath = "$(CONTENTS_FOLDER_PATH)/Watch";
			dstSubfolderSpec = 16;
			files = (
				10EC75A81DD0C5A500729151 /* watchTune WatchKit App.app in Embed Watch Content */,
			);
			name = "Embed Watch Content";
			runOnlyForDeploymentPostprocessing = 0;
		};
/* End PBXCopyFilesBuildPhase section */

/* Begin PBXFileReference section */
		10CAA5A11DD13B20008A9DFB /* MusicUtilities.swift */ = {isa = PBXFileReference; fileEncoding = 4; lastKnownFileType = sourcecode.swift; path = MusicUtilities.swift; sourceTree = "<group>"; };
		10EC757F1DD0C5A500729151 /* watchTune.app */ = {isa = PBXFileReference; explicitFileType = wrapper.application; includeInIndex = 0; path = watchTune.app; sourceTree = BUILT_PRODUCTS_DIR; };
		10EC75821DD0C5A500729151 /* AppDelegate.swift */ = {isa = PBXFileReference; lastKnownFileType = sourcecode.swift; path = AppDelegate.swift; sourceTree = "<group>"; };
		10EC75841DD0C5A500729151 /* ViewController.swift */ = {isa = PBXFileReference; lastKnownFileType = sourcecode.swift; path = ViewController.swift; sourceTree = "<group>"; };
		10EC75871DD0C5A500729151 /* Base */ = {isa = PBXFileReference; lastKnownFileType = file.storyboard; name = Base; path = Base.lproj/Main.storyboard; sourceTree = "<group>"; };
		10EC75891DD0C5A500729151 /* Assets.xcassets */ = {isa = PBXFileReference; lastKnownFileType = folder.assetcatalog; path = Assets.xcassets; sourceTree = "<group>"; };
		10EC758C1DD0C5A500729151 /* Base */ = {isa = PBXFileReference; lastKnownFileType = file.storyboard; name = Base; path = Base.lproj/LaunchScreen.storyboard; sourceTree = "<group>"; };
		10EC758E1DD0C5A500729151 /* Info.plist */ = {isa = PBXFileReference; lastKnownFileType = text.plist.xml; path = Info.plist; sourceTree = "<group>"; };
		10EC75931DD0C5A500729151 /* watchTuneTests.xctest */ = {isa = PBXFileReference; explicitFileType = wrapper.cfbundle; includeInIndex = 0; path = watchTuneTests.xctest; sourceTree = BUILT_PRODUCTS_DIR; };
		10EC75971DD0C5A500729151 /* watchTuneTests.swift */ = {isa = PBXFileReference; lastKnownFileType = sourcecode.swift; path = watchTuneTests.swift; sourceTree = "<group>"; };
		10EC75991DD0C5A500729151 /* Info.plist */ = {isa = PBXFileReference; lastKnownFileType = text.plist.xml; path = Info.plist; sourceTree = "<group>"; };
		10EC759E1DD0C5A500729151 /* watchTuneUITests.xctest */ = {isa = PBXFileReference; explicitFileType = wrapper.cfbundle; includeInIndex = 0; path = watchTuneUITests.xctest; sourceTree = BUILT_PRODUCTS_DIR; };
		10EC75A21DD0C5A500729151 /* watchTuneUITests.swift */ = {isa = PBXFileReference; lastKnownFileType = sourcecode.swift; path = watchTuneUITests.swift; sourceTree = "<group>"; };
		10EC75A41DD0C5A500729151 /* Info.plist */ = {isa = PBXFileReference; lastKnownFileType = text.plist.xml; path = Info.plist; sourceTree = "<group>"; };
		10EC75A71DD0C5A500729151 /* watchTune WatchKit App.app */ = {isa = PBXFileReference; explicitFileType = wrapper.application; includeInIndex = 0; path = "watchTune WatchKit App.app"; sourceTree = BUILT_PRODUCTS_DIR; };
		10EC75AD1DD0C5A500729151 /* Base */ = {isa = PBXFileReference; lastKnownFileType = file.storyboard; name = Base; path = Base.lproj/Interface.storyboard; sourceTree = "<group>"; };
		10EC75AF1DD0C5A500729151 /* Assets.xcassets */ = {isa = PBXFileReference; lastKnownFileType = folder.assetcatalog; path = Assets.xcassets; sourceTree = "<group>"; };
		10EC75B11DD0C5A500729151 /* Info.plist */ = {isa = PBXFileReference; lastKnownFileType = text.plist.xml; path = Info.plist; sourceTree = "<group>"; };
		10EC75B61DD0C5A500729151 /* watchTune WatchKit Extension.appex */ = {isa = PBXFileReference; explicitFileType = "wrapper.app-extension"; includeInIndex = 0; path = "watchTune WatchKit Extension.appex"; sourceTree = BUILT_PRODUCTS_DIR; };
		10EC75BC1DD0C5A500729151 /* PushNotificationPayload.apns */ = {isa = PBXFileReference; lastKnownFileType = text; path = PushNotificationPayload.apns; sourceTree = "<group>"; };
		10EC75BD1DD0C5A500729151 /* InterfaceController.swift */ = {isa = PBXFileReference; lastKnownFileType = sourcecode.swift; path = InterfaceController.swift; sourceTree = "<group>"; };
		10EC75BF1DD0C5A500729151 /* ExtensionDelegate.swift */ = {isa = PBXFileReference; lastKnownFileType = sourcecode.swift; path = ExtensionDelegate.swift; sourceTree = "<group>"; };
		10EC75C11DD0C5A500729151 /* NotificationController.swift */ = {isa = PBXFileReference; lastKnownFileType = sourcecode.swift; path = NotificationController.swift; sourceTree = "<group>"; };
		10EC75C31DD0C5A500729151 /* Assets.xcassets */ = {isa = PBXFileReference; lastKnownFileType = folder.assetcatalog; path = Assets.xcassets; sourceTree = "<group>"; };
		10EC75C51DD0C5A500729151 /* Info.plist */ = {isa = PBXFileReference; lastKnownFileType = text.plist.xml; path = Info.plist; sourceTree = "<group>"; };
		147F42F7F059E50D6AE272C4 /* Pods-watchTune WatchKit App.release.xcconfig */ = {isa = PBXFileReference; includeInIndex = 1; lastKnownFileType = text.xcconfig; name = "Pods-watchTune WatchKit App.release.xcconfig"; path = "Pods/Target Support Files/Pods-watchTune WatchKit App/Pods-watchTune WatchKit App.release.xcconfig"; sourceTree = "<group>"; };
		2AF401291D007976D52C90BF /* Pods-watchTuneUITests.debug.xcconfig */ = {isa = PBXFileReference; includeInIndex = 1; lastKnownFileType = text.xcconfig; name = "Pods-watchTuneUITests.debug.xcconfig"; path = "Pods/Target Support Files/Pods-watchTuneUITests/Pods-watchTuneUITests.debug.xcconfig"; sourceTree = "<group>"; };
		2B87D0DBEA5BFDCCFA6C60BA /* Pods-watchTune WatchKit Extension.release.xcconfig */ = {isa = PBXFileReference; includeInIndex = 1; lastKnownFileType = text.xcconfig; name = "Pods-watchTune WatchKit Extension.release.xcconfig"; path = "Pods/Target Support Files/Pods-watchTune WatchKit Extension/Pods-watchTune WatchKit Extension.release.xcconfig"; sourceTree = "<group>"; };
		3734214C806793D6396058AA /* Pods-watchTune WatchKit Extension.debug.xcconfig */ = {isa = PBXFileReference; includeInIndex = 1; lastKnownFileType = text.xcconfig; name = "Pods-watchTune WatchKit Extension.debug.xcconfig"; path = "Pods/Target Support Files/Pods-watchTune WatchKit Extension/Pods-watchTune WatchKit Extension.debug.xcconfig"; sourceTree = "<group>"; };
		49DB7C649CBFA856376337AD /* Pods_watchTuneUITests.framework */ = {isa = PBXFileReference; explicitFileType = wrapper.framework; includeInIndex = 0; path = Pods_watchTuneUITests.framework; sourceTree = BUILT_PRODUCTS_DIR; };
		4B49E4007803925758F8DA88 /* Pods-watchTune.debug.xcconfig */ = {isa = PBXFileReference; includeInIndex = 1; lastKnownFileType = text.xcconfig; name = "Pods-watchTune.debug.xcconfig"; path = "Pods/Target Support Files/Pods-watchTune/Pods-watchTune.debug.xcconfig"; sourceTree = "<group>"; };
		548B1DF1BF80AEC32CD699D2 /* Pods-watchTuneTests.release.xcconfig */ = {isa = PBXFileReference; includeInIndex = 1; lastKnownFileType = text.xcconfig; name = "Pods-watchTuneTests.release.xcconfig"; path = "Pods/Target Support Files/Pods-watchTuneTests/Pods-watchTuneTests.release.xcconfig"; sourceTree = "<group>"; };
		5CA7DF186F985F363D67E565 /* Pods-watchTuneTests.debug.xcconfig */ = {isa = PBXFileReference; includeInIndex = 1; lastKnownFileType = text.xcconfig; name = "Pods-watchTuneTests.debug.xcconfig"; path = "Pods/Target Support Files/Pods-watchTuneTests/Pods-watchTuneTests.debug.xcconfig"; sourceTree = "<group>"; };
		8D9CC7DB2809FA3DC383EB3F /* Pods_watchTune_WatchKit_Extension.framework */ = {isa = PBXFileReference; explicitFileType = wrapper.framework; includeInIndex = 0; path = Pods_watchTune_WatchKit_Extension.framework; sourceTree = BUILT_PRODUCTS_DIR; };
		948F21A7C06606A599100A71 /* Pods-watchTune.release.xcconfig */ = {isa = PBXFileReference; includeInIndex = 1; lastKnownFileType = text.xcconfig; name = "Pods-watchTune.release.xcconfig"; path = "Pods/Target Support Files/Pods-watchTune/Pods-watchTune.release.xcconfig"; sourceTree = "<group>"; };
		A0EE0DCC8EAA0C489131DB3F /* Pods-watchTuneUITests.release.xcconfig */ = {isa = PBXFileReference; includeInIndex = 1; lastKnownFileType = text.xcconfig; name = "Pods-watchTuneUITests.release.xcconfig"; path = "Pods/Target Support Files/Pods-watchTuneUITests/Pods-watchTuneUITests.release.xcconfig"; sourceTree = "<group>"; };
		ACDBAEA8A1B53CBDE67F52BF /* Pods-watchTune WatchKit App.debug.xcconfig */ = {isa = PBXFileReference; includeInIndex = 1; lastKnownFileType = text.xcconfig; name = "Pods-watchTune WatchKit App.debug.xcconfig"; path = "Pods/Target Support Files/Pods-watchTune WatchKit App/Pods-watchTune WatchKit App.debug.xcconfig"; sourceTree = "<group>"; };
		B908D8E533047B4151A054F4 /* Pods_watchTune_WatchKit_App.framework */ = {isa = PBXFileReference; explicitFileType = wrapper.framework; includeInIndex = 0; path = Pods_watchTune_WatchKit_App.framework; sourceTree = BUILT_PRODUCTS_DIR; };
		DA6ADC0D1DD1F7DB008A9F1F /* CircleContainerViewController.swift */ = {isa = PBXFileReference; fileEncoding = 4; lastKnownFileType = sourcecode.swift; path = CircleContainerViewController.swift; sourceTree = "<group>"; };
		DAEAC9D71DD20C0E00E63A2F /* PickerContainerViewController.swift */ = {isa = PBXFileReference; fileEncoding = 4; lastKnownFileType = sourcecode.swift; path = PickerContainerViewController.swift; sourceTree = "<group>"; };
		ED0B35799E6EF823FEE7F407 /* Pods_watchTuneTests.framework */ = {isa = PBXFileReference; explicitFileType = wrapper.framework; includeInIndex = 0; path = Pods_watchTuneTests.framework; sourceTree = BUILT_PRODUCTS_DIR; };
		F4355626AD859636F3A4EADC /* Pods_watchTune.framework */ = {isa = PBXFileReference; explicitFileType = wrapper.framework; includeInIndex = 0; path = Pods_watchTune.framework; sourceTree = BUILT_PRODUCTS_DIR; };
/* End PBXFileReference section */

/* Begin PBXFrameworksBuildPhase section */
		10EC757C1DD0C5A500729151 /* Frameworks */ = {
			isa = PBXFrameworksBuildPhase;
			buildActionMask = 2147483647;
			files = (
				F7DE32DEE8B8164F29A75AC7 /* Pods_watchTune.framework in Frameworks */,
			);
			runOnlyForDeploymentPostprocessing = 0;
		};
		10EC75901DD0C5A500729151 /* Frameworks */ = {
			isa = PBXFrameworksBuildPhase;
			buildActionMask = 2147483647;
			files = (
				19726F6911B9F6CDDA3009B3 /* Pods_watchTuneTests.framework in Frameworks */,
			);
			runOnlyForDeploymentPostprocessing = 0;
		};
		10EC759B1DD0C5A500729151 /* Frameworks */ = {
			isa = PBXFrameworksBuildPhase;
			buildActionMask = 2147483647;
			files = (
				49048C7E76FDF917B593990E /* Pods_watchTuneUITests.framework in Frameworks */,
			);
			runOnlyForDeploymentPostprocessing = 0;
		};
		10EC75B31DD0C5A500729151 /* Frameworks */ = {
			isa = PBXFrameworksBuildPhase;
			buildActionMask = 2147483647;
			files = (
				2C04E600D0AF1F88A5F6FDAE /* Pods_watchTune_WatchKit_Extension.framework in Frameworks */,
			);
			runOnlyForDeploymentPostprocessing = 0;
		};
		71E8D0F12039B0EEA510F8EA /* Frameworks */ = {
			isa = PBXFrameworksBuildPhase;
			buildActionMask = 2147483647;
			files = (
				346E90AEFA1E130CCD9DCFCD /* Pods_watchTune_WatchKit_App.framework in Frameworks */,
			);
			runOnlyForDeploymentPostprocessing = 0;
		};
/* End PBXFrameworksBuildPhase section */

/* Begin PBXGroup section */
		10EC75761DD0C5A500729151 = {
			isa = PBXGroup;
			children = (
				10EC75811DD0C5A500729151 /* watchTune */,
				10EC75961DD0C5A500729151 /* watchTuneTests */,
				10EC75A11DD0C5A500729151 /* watchTuneUITests */,
				10EC75AB1DD0C5A500729151 /* watchTune WatchKit App */,
				10EC75BA1DD0C5A500729151 /* watchTune WatchKit Extension */,
				10EC75801DD0C5A500729151 /* Products */,
				A7526E66A305BE45586EC56A /* Pods */,
				C0968A822EC748F2DB8581DF /* Frameworks */,
			);
			sourceTree = "<group>";
		};
		10EC75801DD0C5A500729151 /* Products */ = {
			isa = PBXGroup;
			children = (
				10EC757F1DD0C5A500729151 /* watchTune.app */,
				10EC75931DD0C5A500729151 /* watchTuneTests.xctest */,
				10EC759E1DD0C5A500729151 /* watchTuneUITests.xctest */,
				10EC75A71DD0C5A500729151 /* watchTune WatchKit App.app */,
				10EC75B61DD0C5A500729151 /* watchTune WatchKit Extension.appex */,
			);
			name = Products;
			sourceTree = "<group>";
		};
		10EC75811DD0C5A500729151 /* watchTune */ = {
			isa = PBXGroup;
			children = (
				10EC75821DD0C5A500729151 /* AppDelegate.swift */,
				10EC75841DD0C5A500729151 /* ViewController.swift */,
				10CAA5A11DD13B20008A9DFB /* MusicUtilities.swift */,
				10EC75861DD0C5A500729151 /* Main.storyboard */,
				10EC75891DD0C5A500729151 /* Assets.xcassets */,
				10EC758B1DD0C5A500729151 /* LaunchScreen.storyboard */,
				10EC758E1DD0C5A500729151 /* Info.plist */,
				DA6ADC0D1DD1F7DB008A9F1F /* CircleContainerViewController.swift */,
				DAEAC9D71DD20C0E00E63A2F /* PickerContainerViewController.swift */,
			);
			path = watchTune;
			sourceTree = "<group>";
		};
		10EC75961DD0C5A500729151 /* watchTuneTests */ = {
			isa = PBXGroup;
			children = (
				10EC75971DD0C5A500729151 /* watchTuneTests.swift */,
				10EC75991DD0C5A500729151 /* Info.plist */,
			);
			path = watchTuneTests;
			sourceTree = "<group>";
		};
		10EC75A11DD0C5A500729151 /* watchTuneUITests */ = {
			isa = PBXGroup;
			children = (
				10EC75A21DD0C5A500729151 /* watchTuneUITests.swift */,
				10EC75A41DD0C5A500729151 /* Info.plist */,
			);
			path = watchTuneUITests;
			sourceTree = "<group>";
		};
		10EC75AB1DD0C5A500729151 /* watchTune WatchKit App */ = {
			isa = PBXGroup;
			children = (
				10EC75AC1DD0C5A500729151 /* Interface.storyboard */,
				10EC75AF1DD0C5A500729151 /* Assets.xcassets */,
				10EC75B11DD0C5A500729151 /* Info.plist */,
			);
			path = "watchTune WatchKit App";
			sourceTree = "<group>";
		};
		10EC75BA1DD0C5A500729151 /* watchTune WatchKit Extension */ = {
			isa = PBXGroup;
			children = (
				10EC75BD1DD0C5A500729151 /* InterfaceController.swift */,
				10EC75BF1DD0C5A500729151 /* ExtensionDelegate.swift */,
				10EC75C11DD0C5A500729151 /* NotificationController.swift */,
				10EC75C31DD0C5A500729151 /* Assets.xcassets */,
				10EC75C51DD0C5A500729151 /* Info.plist */,
				10EC75BB1DD0C5A500729151 /* Supporting Files */,
			);
			path = "watchTune WatchKit Extension";
			sourceTree = "<group>";
		};
		10EC75BB1DD0C5A500729151 /* Supporting Files */ = {
			isa = PBXGroup;
			children = (
				10EC75BC1DD0C5A500729151 /* PushNotificationPayload.apns */,
			);
			name = "Supporting Files";
			sourceTree = "<group>";
		};
		A7526E66A305BE45586EC56A /* Pods */ = {
			isa = PBXGroup;
			children = (
				4B49E4007803925758F8DA88 /* Pods-watchTune.debug.xcconfig */,
				948F21A7C06606A599100A71 /* Pods-watchTune.release.xcconfig */,
				ACDBAEA8A1B53CBDE67F52BF /* Pods-watchTune WatchKit App.debug.xcconfig */,
				147F42F7F059E50D6AE272C4 /* Pods-watchTune WatchKit App.release.xcconfig */,
				3734214C806793D6396058AA /* Pods-watchTune WatchKit Extension.debug.xcconfig */,
				2B87D0DBEA5BFDCCFA6C60BA /* Pods-watchTune WatchKit Extension.release.xcconfig */,
				5CA7DF186F985F363D67E565 /* Pods-watchTuneTests.debug.xcconfig */,
				548B1DF1BF80AEC32CD699D2 /* Pods-watchTuneTests.release.xcconfig */,
				2AF401291D007976D52C90BF /* Pods-watchTuneUITests.debug.xcconfig */,
				A0EE0DCC8EAA0C489131DB3F /* Pods-watchTuneUITests.release.xcconfig */,
			);
			name = Pods;
			sourceTree = "<group>";
		};
		C0968A822EC748F2DB8581DF /* Frameworks */ = {
			isa = PBXGroup;
			children = (
				F4355626AD859636F3A4EADC /* Pods_watchTune.framework */,
				B908D8E533047B4151A054F4 /* Pods_watchTune_WatchKit_App.framework */,
				8D9CC7DB2809FA3DC383EB3F /* Pods_watchTune_WatchKit_Extension.framework */,
				ED0B35799E6EF823FEE7F407 /* Pods_watchTuneTests.framework */,
				49DB7C649CBFA856376337AD /* Pods_watchTuneUITests.framework */,
			);
			name = Frameworks;
			sourceTree = "<group>";
		};
/* End PBXGroup section */

/* Begin PBXNativeTarget section */
		10EC757E1DD0C5A500729151 /* watchTune */ = {
			isa = PBXNativeTarget;
			buildConfigurationList = 10EC75D01DD0C5A500729151 /* Build configuration list for PBXNativeTarget "watchTune" */;
			buildPhases = (
				328D209258D4E7789A53233E /* [CP] Check Pods Manifest.lock */,
				10EC757B1DD0C5A500729151 /* Sources */,
				10EC757C1DD0C5A500729151 /* Frameworks */,
				10EC757D1DD0C5A500729151 /* Resources */,
				10EC75CF1DD0C5A500729151 /* Embed Watch Content */,
				84D2A3791971C947254BD7A9 /* [CP] Embed Pods Frameworks */,
				A52CCDEC9FA7F2BDCF91A4E2 /* [CP] Copy Pods Resources */,
			);
			buildRules = (
			);
			dependencies = (
				10EC75AA1DD0C5A500729151 /* PBXTargetDependency */,
			);
			name = watchTune;
			productName = watchTune;
			productReference = 10EC757F1DD0C5A500729151 /* watchTune.app */;
			productType = "com.apple.product-type.application";
		};
		10EC75921DD0C5A500729151 /* watchTuneTests */ = {
			isa = PBXNativeTarget;
			buildConfigurationList = 10EC75D31DD0C5A500729151 /* Build configuration list for PBXNativeTarget "watchTuneTests" */;
			buildPhases = (
				9FA35DFC9F20AD983DA9CFCB /* [CP] Check Pods Manifest.lock */,
				10EC758F1DD0C5A500729151 /* Sources */,
				10EC75901DD0C5A500729151 /* Frameworks */,
				10EC75911DD0C5A500729151 /* Resources */,
				3E693025B4D9A7F5A38B567A /* [CP] Embed Pods Frameworks */,
				190D08C99DEDD753B3058D0F /* [CP] Copy Pods Resources */,
			);
			buildRules = (
			);
			dependencies = (
				10EC75951DD0C5A500729151 /* PBXTargetDependency */,
			);
			name = watchTuneTests;
			productName = watchTuneTests;
			productReference = 10EC75931DD0C5A500729151 /* watchTuneTests.xctest */;
			productType = "com.apple.product-type.bundle.unit-test";
		};
		10EC759D1DD0C5A500729151 /* watchTuneUITests */ = {
			isa = PBXNativeTarget;
			buildConfigurationList = 10EC75D61DD0C5A500729151 /* Build configuration list for PBXNativeTarget "watchTuneUITests" */;
			buildPhases = (
				BA5CC09F3E0AEDB04306C7E8 /* [CP] Check Pods Manifest.lock */,
				10EC759A1DD0C5A500729151 /* Sources */,
				10EC759B1DD0C5A500729151 /* Frameworks */,
				10EC759C1DD0C5A500729151 /* Resources */,
				65921CACF489B878ADD0045A /* [CP] Embed Pods Frameworks */,
				562DE46BD9ADB5592EA00EC9 /* [CP] Copy Pods Resources */,
			);
			buildRules = (
			);
			dependencies = (
				10EC75A01DD0C5A500729151 /* PBXTargetDependency */,
			);
			name = watchTuneUITests;
			productName = watchTuneUITests;
			productReference = 10EC759E1DD0C5A500729151 /* watchTuneUITests.xctest */;
			productType = "com.apple.product-type.bundle.ui-testing";
		};
		10EC75A61DD0C5A500729151 /* watchTune WatchKit App */ = {
			isa = PBXNativeTarget;
			buildConfigurationList = 10EC75CC1DD0C5A500729151 /* Build configuration list for PBXNativeTarget "watchTune WatchKit App" */;
			buildPhases = (
				DB1E23D41D7F66F486FB9632 /* [CP] Check Pods Manifest.lock */,
				10EC75A51DD0C5A500729151 /* Resources */,
				10EC75CB1DD0C5A500729151 /* Embed App Extensions */,
				71E8D0F12039B0EEA510F8EA /* Frameworks */,
				9C9463143C01DE430165CD34 /* [CP] Copy Pods Resources */,
			);
			buildRules = (
			);
			dependencies = (
				10EC75B91DD0C5A500729151 /* PBXTargetDependency */,
			);
			name = "watchTune WatchKit App";
			productName = "watchTune WatchKit App";
			productReference = 10EC75A71DD0C5A500729151 /* watchTune WatchKit App.app */;
			productType = "com.apple.product-type.application.watchapp2";
		};
		10EC75B51DD0C5A500729151 /* watchTune WatchKit Extension */ = {
			isa = PBXNativeTarget;
			buildConfigurationList = 10EC75C81DD0C5A500729151 /* Build configuration list for PBXNativeTarget "watchTune WatchKit Extension" */;
			buildPhases = (
				99E116A0BD6DAE7B80424DFF /* [CP] Check Pods Manifest.lock */,
				10EC75B21DD0C5A500729151 /* Sources */,
				10EC75B31DD0C5A500729151 /* Frameworks */,
				10EC75B41DD0C5A500729151 /* Resources */,
				D875F2312FE194AE9DED32CA /* [CP] Embed Pods Frameworks */,
				3DD3283763E4756C8CA2092D /* [CP] Copy Pods Resources */,
			);
			buildRules = (
			);
			dependencies = (
			);
			name = "watchTune WatchKit Extension";
			productName = "watchTune WatchKit Extension";
			productReference = 10EC75B61DD0C5A500729151 /* watchTune WatchKit Extension.appex */;
			productType = "com.apple.product-type.watchkit2-extension";
		};
/* End PBXNativeTarget section */

/* Begin PBXProject section */
		10EC75771DD0C5A500729151 /* Project object */ = {
			isa = PBXProject;
			attributes = {
				LastSwiftUpdateCheck = 0810;
				LastUpgradeCheck = 0810;
				ORGANIZATIONNAME = "Vitor Muniz";
				TargetAttributes = {
					10EC757E1DD0C5A500729151 = {
						CreatedOnToolsVersion = 8.1;
						DevelopmentTeam = 489VWS49NR;
						ProvisioningStyle = Automatic;
					};
					10EC75921DD0C5A500729151 = {
						CreatedOnToolsVersion = 8.1;
						DevelopmentTeam = 489VWS49NR;
						ProvisioningStyle = Automatic;
						TestTargetID = 10EC757E1DD0C5A500729151;
					};
					10EC759D1DD0C5A500729151 = {
						CreatedOnToolsVersion = 8.1;
						DevelopmentTeam = 489VWS49NR;
						ProvisioningStyle = Automatic;
						TestTargetID = 10EC757E1DD0C5A500729151;
					};
					10EC75A61DD0C5A500729151 = {
						CreatedOnToolsVersion = 8.1;
						DevelopmentTeam = 489VWS49NR;
						ProvisioningStyle = Automatic;
					};
					10EC75B51DD0C5A500729151 = {
						CreatedOnToolsVersion = 8.1;
						DevelopmentTeam = 489VWS49NR;
						ProvisioningStyle = Automatic;
					};
				};
			};
			buildConfigurationList = 10EC757A1DD0C5A500729151 /* Build configuration list for PBXProject "watchTune" */;
			compatibilityVersion = "Xcode 3.2";
			developmentRegion = English;
			hasScannedForEncodings = 0;
			knownRegions = (
				en,
				Base,
			);
			mainGroup = 10EC75761DD0C5A500729151;
			productRefGroup = 10EC75801DD0C5A500729151 /* Products */;
			projectDirPath = "";
			projectRoot = "";
			targets = (
				10EC757E1DD0C5A500729151 /* watchTune */,
				10EC75921DD0C5A500729151 /* watchTuneTests */,
				10EC759D1DD0C5A500729151 /* watchTuneUITests */,
				10EC75A61DD0C5A500729151 /* watchTune WatchKit App */,
				10EC75B51DD0C5A500729151 /* watchTune WatchKit Extension */,
			);
		};
/* End PBXProject section */

/* Begin PBXResourcesBuildPhase section */
		10EC757D1DD0C5A500729151 /* Resources */ = {
			isa = PBXResourcesBuildPhase;
			buildActionMask = 2147483647;
			files = (
				10EC758D1DD0C5A500729151 /* LaunchScreen.storyboard in Resources */,
				10EC758A1DD0C5A500729151 /* Assets.xcassets in Resources */,
				10EC75881DD0C5A500729151 /* Main.storyboard in Resources */,
			);
			runOnlyForDeploymentPostprocessing = 0;
		};
		10EC75911DD0C5A500729151 /* Resources */ = {
			isa = PBXResourcesBuildPhase;
			buildActionMask = 2147483647;
			files = (
			);
			runOnlyForDeploymentPostprocessing = 0;
		};
		10EC759C1DD0C5A500729151 /* Resources */ = {
			isa = PBXResourcesBuildPhase;
			buildActionMask = 2147483647;
			files = (
			);
			runOnlyForDeploymentPostprocessing = 0;
		};
		10EC75A51DD0C5A500729151 /* Resources */ = {
			isa = PBXResourcesBuildPhase;
			buildActionMask = 2147483647;
			files = (
				10EC75B01DD0C5A500729151 /* Assets.xcassets in Resources */,
				10EC75AE1DD0C5A500729151 /* Interface.storyboard in Resources */,
			);
			runOnlyForDeploymentPostprocessing = 0;
		};
		10EC75B41DD0C5A500729151 /* Resources */ = {
			isa = PBXResourcesBuildPhase;
			buildActionMask = 2147483647;
			files = (
				10EC75C41DD0C5A500729151 /* Assets.xcassets in Resources */,
			);
			runOnlyForDeploymentPostprocessing = 0;
		};
/* End PBXResourcesBuildPhase section */

/* Begin PBXShellScriptBuildPhase section */
		190D08C99DEDD753B3058D0F /* [CP] Copy Pods Resources */ = {
			isa = PBXShellScriptBuildPhase;
			buildActionMask = 2147483647;
			files = (
			);
			inputPaths = (
			);
			name = "[CP] Copy Pods Resources";
			outputPaths = (
			);
			runOnlyForDeploymentPostprocessing = 0;
			shellPath = /bin/sh;
			shellScript = "\"${SRCROOT}/Pods/Target Support Files/Pods-watchTuneTests/Pods-watchTuneTests-resources.sh\"\n";
			showEnvVarsInLog = 0;
		};
		328D209258D4E7789A53233E /* [CP] Check Pods Manifest.lock */ = {
			isa = PBXShellScriptBuildPhase;
			buildActionMask = 2147483647;
			files = (
			);
			inputPaths = (
			);
			name = "[CP] Check Pods Manifest.lock";
			outputPaths = (
			);
			runOnlyForDeploymentPostprocessing = 0;
			shellPath = /bin/sh;
			shellScript = "diff \"${PODS_ROOT}/../Podfile.lock\" \"${PODS_ROOT}/Manifest.lock\" > /dev/null\nif [[ $? != 0 ]] ; then\n    cat << EOM\nerror: The sandbox is not in sync with the Podfile.lock. Run 'pod install' or update your CocoaPods installation.\nEOM\n    exit 1\nfi\n";
			showEnvVarsInLog = 0;
		};
		3DD3283763E4756C8CA2092D /* [CP] Copy Pods Resources */ = {
			isa = PBXShellScriptBuildPhase;
			buildActionMask = 2147483647;
			files = (
			);
			inputPaths = (
			);
			name = "[CP] Copy Pods Resources";
			outputPaths = (
			);
			runOnlyForDeploymentPostprocessing = 0;
			shellPath = /bin/sh;
			shellScript = "\"${SRCROOT}/Pods/Target Support Files/Pods-watchTune WatchKit Extension/Pods-watchTune WatchKit Extension-resources.sh\"\n";
			showEnvVarsInLog = 0;
		};
		3E693025B4D9A7F5A38B567A /* [CP] Embed Pods Frameworks */ = {
			isa = PBXShellScriptBuildPhase;
			buildActionMask = 2147483647;
			files = (
			);
			inputPaths = (
			);
			name = "[CP] Embed Pods Frameworks";
			outputPaths = (
			);
			runOnlyForDeploymentPostprocessing = 0;
			shellPath = /bin/sh;
			shellScript = "\"${SRCROOT}/Pods/Target Support Files/Pods-watchTuneTests/Pods-watchTuneTests-frameworks.sh\"\n";
			showEnvVarsInLog = 0;
		};
		562DE46BD9ADB5592EA00EC9 /* [CP] Copy Pods Resources */ = {
			isa = PBXShellScriptBuildPhase;
			buildActionMask = 2147483647;
			files = (
			);
			inputPaths = (
			);
			name = "[CP] Copy Pods Resources";
			outputPaths = (
			);
			runOnlyForDeploymentPostprocessing = 0;
			shellPath = /bin/sh;
			shellScript = "\"${SRCROOT}/Pods/Target Support Files/Pods-watchTuneUITests/Pods-watchTuneUITests-resources.sh\"\n";
			showEnvVarsInLog = 0;
		};
		65921CACF489B878ADD0045A /* [CP] Embed Pods Frameworks */ = {
			isa = PBXShellScriptBuildPhase;
			buildActionMask = 2147483647;
			files = (
			);
			inputPaths = (
			);
			name = "[CP] Embed Pods Frameworks";
			outputPaths = (
			);
			runOnlyForDeploymentPostprocessing = 0;
			shellPath = /bin/sh;
			shellScript = "\"${SRCROOT}/Pods/Target Support Files/Pods-watchTuneUITests/Pods-watchTuneUITests-frameworks.sh\"\n";
			showEnvVarsInLog = 0;
		};
		84D2A3791971C947254BD7A9 /* [CP] Embed Pods Frameworks */ = {
			isa = PBXShellScriptBuildPhase;
			buildActionMask = 2147483647;
			files = (
			);
			inputPaths = (
			);
			name = "[CP] Embed Pods Frameworks";
			outputPaths = (
			);
			runOnlyForDeploymentPostprocessing = 0;
			shellPath = /bin/sh;
			shellScript = "\"${SRCROOT}/Pods/Target Support Files/Pods-watchTune/Pods-watchTune-frameworks.sh\"\n";
			showEnvVarsInLog = 0;
		};
		99E116A0BD6DAE7B80424DFF /* [CP] Check Pods Manifest.lock */ = {
			isa = PBXShellScriptBuildPhase;
			buildActionMask = 2147483647;
			files = (
			);
			inputPaths = (
			);
			name = "[CP] Check Pods Manifest.lock";
			outputPaths = (
			);
			runOnlyForDeploymentPostprocessing = 0;
			shellPath = /bin/sh;
			shellScript = "diff \"${PODS_ROOT}/../Podfile.lock\" \"${PODS_ROOT}/Manifest.lock\" > /dev/null\nif [[ $? != 0 ]] ; then\n    cat << EOM\nerror: The sandbox is not in sync with the Podfile.lock. Run 'pod install' or update your CocoaPods installation.\nEOM\n    exit 1\nfi\n";
			showEnvVarsInLog = 0;
		};
		9C9463143C01DE430165CD34 /* [CP] Copy Pods Resources */ = {
			isa = PBXShellScriptBuildPhase;
			buildActionMask = 2147483647;
			files = (
			);
			inputPaths = (
			);
			name = "[CP] Copy Pods Resources";
			outputPaths = (
			);
			runOnlyForDeploymentPostprocessing = 0;
			shellPath = /bin/sh;
			shellScript = "\"${SRCROOT}/Pods/Target Support Files/Pods-watchTune WatchKit App/Pods-watchTune WatchKit App-resources.sh\"\n";
			showEnvVarsInLog = 0;
		};
		9FA35DFC9F20AD983DA9CFCB /* [CP] Check Pods Manifest.lock */ = {
			isa = PBXShellScriptBuildPhase;
			buildActionMask = 2147483647;
			files = (
			);
			inputPaths = (
			);
			name = "[CP] Check Pods Manifest.lock";
			outputPaths = (
			);
			runOnlyForDeploymentPostprocessing = 0;
			shellPath = /bin/sh;
			shellScript = "diff \"${PODS_ROOT}/../Podfile.lock\" \"${PODS_ROOT}/Manifest.lock\" > /dev/null\nif [[ $? != 0 ]] ; then\n    cat << EOM\nerror: The sandbox is not in sync with the Podfile.lock. Run 'pod install' or update your CocoaPods installation.\nEOM\n    exit 1\nfi\n";
			showEnvVarsInLog = 0;
		};
		A52CCDEC9FA7F2BDCF91A4E2 /* [CP] Copy Pods Resources */ = {
			isa = PBXShellScriptBuildPhase;
			buildActionMask = 2147483647;
			files = (
			);
			inputPaths = (
			);
			name = "[CP] Copy Pods Resources";
			outputPaths = (
			);
			runOnlyForDeploymentPostprocessing = 0;
			shellPath = /bin/sh;
			shellScript = "\"${SRCROOT}/Pods/Target Support Files/Pods-watchTune/Pods-watchTune-resources.sh\"\n";
			showEnvVarsInLog = 0;
		};
		BA5CC09F3E0AEDB04306C7E8 /* [CP] Check Pods Manifest.lock */ = {
			isa = PBXShellScriptBuildPhase;
			buildActionMask = 2147483647;
			files = (
			);
			inputPaths = (
			);
			name = "[CP] Check Pods Manifest.lock";
			outputPaths = (
			);
			runOnlyForDeploymentPostprocessing = 0;
			shellPath = /bin/sh;
			shellScript = "diff \"${PODS_ROOT}/../Podfile.lock\" \"${PODS_ROOT}/Manifest.lock\" > /dev/null\nif [[ $? != 0 ]] ; then\n    cat << EOM\nerror: The sandbox is not in sync with the Podfile.lock. Run 'pod install' or update your CocoaPods installation.\nEOM\n    exit 1\nfi\n";
			showEnvVarsInLog = 0;
		};
		D875F2312FE194AE9DED32CA /* [CP] Embed Pods Frameworks */ = {
			isa = PBXShellScriptBuildPhase;
			buildActionMask = 2147483647;
			files = (
			);
			inputPaths = (
			);
			name = "[CP] Embed Pods Frameworks";
			outputPaths = (
			);
			runOnlyForDeploymentPostprocessing = 0;
			shellPath = /bin/sh;
			shellScript = "\"${SRCROOT}/Pods/Target Support Files/Pods-watchTune WatchKit Extension/Pods-watchTune WatchKit Extension-frameworks.sh\"\n";
			showEnvVarsInLog = 0;
		};
		DB1E23D41D7F66F486FB9632 /* [CP] Check Pods Manifest.lock */ = {
			isa = PBXShellScriptBuildPhase;
			buildActionMask = 2147483647;
			files = (
			);
			inputPaths = (
			);
			name = "[CP] Check Pods Manifest.lock";
			outputPaths = (
			);
			runOnlyForDeploymentPostprocessing = 0;
			shellPath = /bin/sh;
			shellScript = "diff \"${PODS_ROOT}/../Podfile.lock\" \"${PODS_ROOT}/Manifest.lock\" > /dev/null\nif [[ $? != 0 ]] ; then\n    cat << EOM\nerror: The sandbox is not in sync with the Podfile.lock. Run 'pod install' or update your CocoaPods installation.\nEOM\n    exit 1\nfi\n";
			showEnvVarsInLog = 0;
		};
/* End PBXShellScriptBuildPhase section */

/* Begin PBXSourcesBuildPhase section */
		10EC757B1DD0C5A500729151 /* Sources */ = {
			isa = PBXSourcesBuildPhase;
			buildActionMask = 2147483647;
			files = (
				10EC75851DD0C5A500729151 /* ViewController.swift in Sources */,
				DAEAC9D81DD20C0E00E63A2F /* PickerContainerViewController.swift in Sources */,
				10EC75831DD0C5A500729151 /* AppDelegate.swift in Sources */,
				DA6ADC0E1DD1F7DB008A9F1F /* CircleContainerViewController.swift in Sources */,
				10CAA5A21DD13B20008A9DFB /* MusicUtilities.swift in Sources */,
			);
			runOnlyForDeploymentPostprocessing = 0;
		};
		10EC758F1DD0C5A500729151 /* Sources */ = {
			isa = PBXSourcesBuildPhase;
			buildActionMask = 2147483647;
			files = (
				10EC75981DD0C5A500729151 /* watchTuneTests.swift in Sources */,
			);
			runOnlyForDeploymentPostprocessing = 0;
		};
		10EC759A1DD0C5A500729151 /* Sources */ = {
			isa = PBXSourcesBuildPhase;
			buildActionMask = 2147483647;
			files = (
				10EC75A31DD0C5A500729151 /* watchTuneUITests.swift in Sources */,
			);
			runOnlyForDeploymentPostprocessing = 0;
		};
		10EC75B21DD0C5A500729151 /* Sources */ = {
			isa = PBXSourcesBuildPhase;
			buildActionMask = 2147483647;
			files = (
				10EC75C21DD0C5A500729151 /* NotificationController.swift in Sources */,
				10EC75C01DD0C5A500729151 /* ExtensionDelegate.swift in Sources */,
				10EC75BE1DD0C5A500729151 /* InterfaceController.swift in Sources */,
			);
			runOnlyForDeploymentPostprocessing = 0;
		};
/* End PBXSourcesBuildPhase section */

/* Begin PBXTargetDependency section */
		10EC75951DD0C5A500729151 /* PBXTargetDependency */ = {
			isa = PBXTargetDependency;
			target = 10EC757E1DD0C5A500729151 /* watchTune */;
			targetProxy = 10EC75941DD0C5A500729151 /* PBXContainerItemProxy */;
		};
		10EC75A01DD0C5A500729151 /* PBXTargetDependency */ = {
			isa = PBXTargetDependency;
			target = 10EC757E1DD0C5A500729151 /* watchTune */;
			targetProxy = 10EC759F1DD0C5A500729151 /* PBXContainerItemProxy */;
		};
		10EC75AA1DD0C5A500729151 /* PBXTargetDependency */ = {
			isa = PBXTargetDependency;
			target = 10EC75A61DD0C5A500729151 /* watchTune WatchKit App */;
			targetProxy = 10EC75A91DD0C5A500729151 /* PBXContainerItemProxy */;
		};
		10EC75B91DD0C5A500729151 /* PBXTargetDependency */ = {
			isa = PBXTargetDependency;
			target = 10EC75B51DD0C5A500729151 /* watchTune WatchKit Extension */;
			targetProxy = 10EC75B81DD0C5A500729151 /* PBXContainerItemProxy */;
		};
/* End PBXTargetDependency section */

/* Begin PBXVariantGroup section */
		10EC75861DD0C5A500729151 /* Main.storyboard */ = {
			isa = PBXVariantGroup;
			children = (
				10EC75871DD0C5A500729151 /* Base */,
			);
			name = Main.storyboard;
			sourceTree = "<group>";
		};
		10EC758B1DD0C5A500729151 /* LaunchScreen.storyboard */ = {
			isa = PBXVariantGroup;
			children = (
				10EC758C1DD0C5A500729151 /* Base */,
			);
			name = LaunchScreen.storyboard;
			sourceTree = "<group>";
		};
		10EC75AC1DD0C5A500729151 /* Interface.storyboard */ = {
			isa = PBXVariantGroup;
			children = (
				10EC75AD1DD0C5A500729151 /* Base */,
			);
			name = Interface.storyboard;
			sourceTree = "<group>";
		};
/* End PBXVariantGroup section */

/* Begin XCBuildConfiguration section */
		10EC75C61DD0C5A500729151 /* Debug */ = {
			isa = XCBuildConfiguration;
			buildSettings = {
				ALWAYS_SEARCH_USER_PATHS = NO;
				CLANG_ANALYZER_NONNULL = YES;
				CLANG_CXX_LANGUAGE_STANDARD = "gnu++0x";
				CLANG_CXX_LIBRARY = "libc++";
				CLANG_ENABLE_MODULES = YES;
				CLANG_ENABLE_OBJC_ARC = YES;
				CLANG_WARN_BOOL_CONVERSION = YES;
				CLANG_WARN_CONSTANT_CONVERSION = YES;
				CLANG_WARN_DIRECT_OBJC_ISA_USAGE = YES_ERROR;
				CLANG_WARN_DOCUMENTATION_COMMENTS = YES;
				CLANG_WARN_EMPTY_BODY = YES;
				CLANG_WARN_ENUM_CONVERSION = YES;
				CLANG_WARN_INFINITE_RECURSION = YES;
				CLANG_WARN_INT_CONVERSION = YES;
				CLANG_WARN_OBJC_ROOT_CLASS = YES_ERROR;
				CLANG_WARN_SUSPICIOUS_MOVES = YES;
				CLANG_WARN_UNREACHABLE_CODE = YES;
				CLANG_WARN__DUPLICATE_METHOD_MATCH = YES;
				"CODE_SIGN_IDENTITY[sdk=iphoneos*]" = "iPhone Developer";
				COPY_PHASE_STRIP = NO;
				DEBUG_INFORMATION_FORMAT = dwarf;
				ENABLE_STRICT_OBJC_MSGSEND = YES;
				ENABLE_TESTABILITY = YES;
				GCC_C_LANGUAGE_STANDARD = gnu99;
				GCC_DYNAMIC_NO_PIC = NO;
				GCC_NO_COMMON_BLOCKS = YES;
				GCC_OPTIMIZATION_LEVEL = 0;
				GCC_PREPROCESSOR_DEFINITIONS = (
					"DEBUG=1",
					"$(inherited)",
				);
				GCC_WARN_64_TO_32_BIT_CONVERSION = YES;
				GCC_WARN_ABOUT_RETURN_TYPE = YES_ERROR;
				GCC_WARN_UNDECLARED_SELECTOR = YES;
				GCC_WARN_UNINITIALIZED_AUTOS = YES_AGGRESSIVE;
				GCC_WARN_UNUSED_FUNCTION = YES;
				GCC_WARN_UNUSED_VARIABLE = YES;
				IPHONEOS_DEPLOYMENT_TARGET = 10.1;
				MTL_ENABLE_DEBUG_INFO = YES;
				ONLY_ACTIVE_ARCH = YES;
				SDKROOT = iphoneos;
				SWIFT_ACTIVE_COMPILATION_CONDITIONS = DEBUG;
				SWIFT_OPTIMIZATION_LEVEL = "-Onone";
				TARGETED_DEVICE_FAMILY = "1,2";
			};
			name = Debug;
		};
		10EC75C71DD0C5A500729151 /* Release */ = {
			isa = XCBuildConfiguration;
			buildSettings = {
				ALWAYS_SEARCH_USER_PATHS = NO;
				CLANG_ANALYZER_NONNULL = YES;
				CLANG_CXX_LANGUAGE_STANDARD = "gnu++0x";
				CLANG_CXX_LIBRARY = "libc++";
				CLANG_ENABLE_MODULES = YES;
				CLANG_ENABLE_OBJC_ARC = YES;
				CLANG_WARN_BOOL_CONVERSION = YES;
				CLANG_WARN_CONSTANT_CONVERSION = YES;
				CLANG_WARN_DIRECT_OBJC_ISA_USAGE = YES_ERROR;
				CLANG_WARN_DOCUMENTATION_COMMENTS = YES;
				CLANG_WARN_EMPTY_BODY = YES;
				CLANG_WARN_ENUM_CONVERSION = YES;
				CLANG_WARN_INFINITE_RECURSION = YES;
				CLANG_WARN_INT_CONVERSION = YES;
				CLANG_WARN_OBJC_ROOT_CLASS = YES_ERROR;
				CLANG_WARN_SUSPICIOUS_MOVES = YES;
				CLANG_WARN_UNREACHABLE_CODE = YES;
				CLANG_WARN__DUPLICATE_METHOD_MATCH = YES;
				"CODE_SIGN_IDENTITY[sdk=iphoneos*]" = "iPhone Developer";
				COPY_PHASE_STRIP = NO;
				DEBUG_INFORMATION_FORMAT = "dwarf-with-dsym";
				ENABLE_NS_ASSERTIONS = NO;
				ENABLE_STRICT_OBJC_MSGSEND = YES;
				GCC_C_LANGUAGE_STANDARD = gnu99;
				GCC_NO_COMMON_BLOCKS = YES;
				GCC_WARN_64_TO_32_BIT_CONVERSION = YES;
				GCC_WARN_ABOUT_RETURN_TYPE = YES_ERROR;
				GCC_WARN_UNDECLARED_SELECTOR = YES;
				GCC_WARN_UNINITIALIZED_AUTOS = YES_AGGRESSIVE;
				GCC_WARN_UNUSED_FUNCTION = YES;
				GCC_WARN_UNUSED_VARIABLE = YES;
				IPHONEOS_DEPLOYMENT_TARGET = 10.1;
				MTL_ENABLE_DEBUG_INFO = NO;
				SDKROOT = iphoneos;
				SWIFT_OPTIMIZATION_LEVEL = "-Owholemodule";
				TARGETED_DEVICE_FAMILY = "1,2";
				VALIDATE_PRODUCT = YES;
			};
			name = Release;
		};
		10EC75C91DD0C5A500729151 /* Debug */ = {
			isa = XCBuildConfiguration;
			baseConfigurationReference = 3734214C806793D6396058AA /* Pods-watchTune WatchKit Extension.debug.xcconfig */;
			buildSettings = {
				ASSETCATALOG_COMPILER_COMPLICATION_NAME = Complication;
				DEVELOPMENT_TEAM = 489VWS49NR;
				INFOPLIST_FILE = "watchTune WatchKit Extension/Info.plist";
				LD_RUNPATH_SEARCH_PATHS = "$(inherited) @executable_path/Frameworks @executable_path/../../Frameworks";
				PRODUCT_BUNDLE_IDENTIFIER = com.watchTune.watchkitapp.watchkitextension;
				PRODUCT_NAME = "${TARGET_NAME}";
				SDKROOT = watchos;
				SKIP_INSTALL = YES;
				SWIFT_VERSION = 3.0;
				TARGETED_DEVICE_FAMILY = 4;
				WATCHOS_DEPLOYMENT_TARGET = 3.1;
			};
			name = Debug;
		};
		10EC75CA1DD0C5A500729151 /* Release */ = {
			isa = XCBuildConfiguration;
			baseConfigurationReference = 2B87D0DBEA5BFDCCFA6C60BA /* Pods-watchTune WatchKit Extension.release.xcconfig */;
			buildSettings = {
				ASSETCATALOG_COMPILER_COMPLICATION_NAME = Complication;
				DEVELOPMENT_TEAM = 489VWS49NR;
				INFOPLIST_FILE = "watchTune WatchKit Extension/Info.plist";
				LD_RUNPATH_SEARCH_PATHS = "$(inherited) @executable_path/Frameworks @executable_path/../../Frameworks";
				PRODUCT_BUNDLE_IDENTIFIER = com.watchTune.watchkitapp.watchkitextension;
				PRODUCT_NAME = "${TARGET_NAME}";
				SDKROOT = watchos;
				SKIP_INSTALL = YES;
				SWIFT_VERSION = 3.0;
				TARGETED_DEVICE_FAMILY = 4;
				WATCHOS_DEPLOYMENT_TARGET = 3.1;
			};
			name = Release;
		};
		10EC75CD1DD0C5A500729151 /* Debug */ = {
			isa = XCBuildConfiguration;
			baseConfigurationReference = ACDBAEA8A1B53CBDE67F52BF /* Pods-watchTune WatchKit App.debug.xcconfig */;
			buildSettings = {
				ALWAYS_EMBED_SWIFT_STANDARD_LIBRARIES = YES;
				ASSETCATALOG_COMPILER_APPICON_NAME = AppIcon;
				DEVELOPMENT_TEAM = 489VWS49NR;
				IBSC_MODULE = watchTune_WatchKit_Extension;
				INFOPLIST_FILE = "watchTune WatchKit App/Info.plist";
				PRODUCT_BUNDLE_IDENTIFIER = com.watchTune.watchkitapp;
				PRODUCT_NAME = "$(TARGET_NAME)";
				SDKROOT = watchos;
				SKIP_INSTALL = YES;
				SWIFT_VERSION = 3.0;
				TARGETED_DEVICE_FAMILY = 4;
				WATCHOS_DEPLOYMENT_TARGET = 3.1;
			};
			name = Debug;
		};
		10EC75CE1DD0C5A500729151 /* Release */ = {
			isa = XCBuildConfiguration;
			baseConfigurationReference = 147F42F7F059E50D6AE272C4 /* Pods-watchTune WatchKit App.release.xcconfig */;
			buildSettings = {
				ALWAYS_EMBED_SWIFT_STANDARD_LIBRARIES = YES;
				ASSETCATALOG_COMPILER_APPICON_NAME = AppIcon;
				DEVELOPMENT_TEAM = 489VWS49NR;
				IBSC_MODULE = watchTune_WatchKit_Extension;
				INFOPLIST_FILE = "watchTune WatchKit App/Info.plist";
				PRODUCT_BUNDLE_IDENTIFIER = com.watchTune.watchkitapp;
				PRODUCT_NAME = "$(TARGET_NAME)";
				SDKROOT = watchos;
				SKIP_INSTALL = YES;
				SWIFT_VERSION = 3.0;
				TARGETED_DEVICE_FAMILY = 4;
				WATCHOS_DEPLOYMENT_TARGET = 3.1;
			};
			name = Release;
		};
		10EC75D11DD0C5A500729151 /* Debug */ = {
			isa = XCBuildConfiguration;
			baseConfigurationReference = 4B49E4007803925758F8DA88 /* Pods-watchTune.debug.xcconfig */;
			buildSettings = {
				ASSETCATALOG_COMPILER_APPICON_NAME = AppIcon;
				DEVELOPMENT_TEAM = 489VWS49NR;
				INFOPLIST_FILE = watchTune/Info.plist;
				LD_RUNPATH_SEARCH_PATHS = "$(inherited) @executable_path/Frameworks";
				PRODUCT_BUNDLE_IDENTIFIER = com.watchTune;
				PRODUCT_NAME = "$(TARGET_NAME)";
				SWIFT_VERSION = 3.0;
			};
			name = Debug;
		};
		10EC75D21DD0C5A500729151 /* Release */ = {
			isa = XCBuildConfiguration;
			baseConfigurationReference = 948F21A7C06606A599100A71 /* Pods-watchTune.release.xcconfig */;
			buildSettings = {
				ASSETCATALOG_COMPILER_APPICON_NAME = AppIcon;
				DEVELOPMENT_TEAM = 489VWS49NR;
				INFOPLIST_FILE = watchTune/Info.plist;
				LD_RUNPATH_SEARCH_PATHS = "$(inherited) @executable_path/Frameworks";
				PRODUCT_BUNDLE_IDENTIFIER = com.watchTune;
				PRODUCT_NAME = "$(TARGET_NAME)";
				SWIFT_VERSION = 3.0;
			};
			name = Release;
		};
		10EC75D41DD0C5A500729151 /* Debug */ = {
			isa = XCBuildConfiguration;
			baseConfigurationReference = 5CA7DF186F985F363D67E565 /* Pods-watchTuneTests.debug.xcconfig */;
			buildSettings = {
				ALWAYS_EMBED_SWIFT_STANDARD_LIBRARIES = YES;
				BUNDLE_LOADER = "$(TEST_HOST)";
				DEVELOPMENT_TEAM = 489VWS49NR;
				INFOPLIST_FILE = watchTuneTests/Info.plist;
				LD_RUNPATH_SEARCH_PATHS = "$(inherited) @executable_path/Frameworks @loader_path/Frameworks";
				PRODUCT_BUNDLE_IDENTIFIER = com.watchTuneTests;
				PRODUCT_NAME = "$(TARGET_NAME)";
				SWIFT_VERSION = 3.0;
				TEST_HOST = "$(BUILT_PRODUCTS_DIR)/watchTune.app/watchTune";
			};
			name = Debug;
		};
		10EC75D51DD0C5A500729151 /* Release */ = {
			isa = XCBuildConfiguration;
			baseConfigurationReference = 548B1DF1BF80AEC32CD699D2 /* Pods-watchTuneTests.release.xcconfig */;
			buildSettings = {
				ALWAYS_EMBED_SWIFT_STANDARD_LIBRARIES = YES;
				BUNDLE_LOADER = "$(TEST_HOST)";
				DEVELOPMENT_TEAM = 489VWS49NR;
				INFOPLIST_FILE = watchTuneTests/Info.plist;
				LD_RUNPATH_SEARCH_PATHS = "$(inherited) @executable_path/Frameworks @loader_path/Frameworks";
				PRODUCT_BUNDLE_IDENTIFIER = com.watchTuneTests;
				PRODUCT_NAME = "$(TARGET_NAME)";
				SWIFT_VERSION = 3.0;
				TEST_HOST = "$(BUILT_PRODUCTS_DIR)/watchTune.app/watchTune";
			};
			name = Release;
		};
		10EC75D71DD0C5A500729151 /* Debug */ = {
			isa = XCBuildConfiguration;
			baseConfigurationReference = 2AF401291D007976D52C90BF /* Pods-watchTuneUITests.debug.xcconfig */;
			buildSettings = {
				ALWAYS_EMBED_SWIFT_STANDARD_LIBRARIES = YES;
				DEVELOPMENT_TEAM = 489VWS49NR;
				INFOPLIST_FILE = watchTuneUITests/Info.plist;
				LD_RUNPATH_SEARCH_PATHS = "$(inherited) @executable_path/Frameworks @loader_path/Frameworks";
				PRODUCT_BUNDLE_IDENTIFIER = com.watchTuneUITests;
				PRODUCT_NAME = "$(TARGET_NAME)";
				SWIFT_VERSION = 3.0;
				TEST_TARGET_NAME = watchTune;
			};
			name = Debug;
		};
		10EC75D81DD0C5A500729151 /* Release */ = {
			isa = XCBuildConfiguration;
			baseConfigurationReference = A0EE0DCC8EAA0C489131DB3F /* Pods-watchTuneUITests.release.xcconfig */;
			buildSettings = {
				ALWAYS_EMBED_SWIFT_STANDARD_LIBRARIES = YES;
				DEVELOPMENT_TEAM = 489VWS49NR;
				INFOPLIST_FILE = watchTuneUITests/Info.plist;
				LD_RUNPATH_SEARCH_PATHS = "$(inherited) @executable_path/Frameworks @loader_path/Frameworks";
				PRODUCT_BUNDLE_IDENTIFIER = com.watchTuneUITests;
				PRODUCT_NAME = "$(TARGET_NAME)";
				SWIFT_VERSION = 3.0;
				TEST_TARGET_NAME = watchTune;
			};
			name = Release;
		};
/* End XCBuildConfiguration section */

/* Begin XCConfigurationList section */
		10EC757A1DD0C5A500729151 /* Build configuration list for PBXProject "watchTune" */ = {
			isa = XCConfigurationList;
			buildConfigurations = (
				10EC75C61DD0C5A500729151 /* Debug */,
				10EC75C71DD0C5A500729151 /* Release */,
			);
			defaultConfigurationIsVisible = 0;
			defaultConfigurationName = Release;
		};
		10EC75C81DD0C5A500729151 /* Build configuration list for PBXNativeTarget "watchTune WatchKit Extension" */ = {
			isa = XCConfigurationList;
			buildConfigurations = (
				10EC75C91DD0C5A500729151 /* Debug */,
				10EC75CA1DD0C5A500729151 /* Release */,
			);
			defaultConfigurationIsVisible = 0;
			defaultConfigurationName = Release;
		};
		10EC75CC1DD0C5A500729151 /* Build configuration list for PBXNativeTarget "watchTune WatchKit App" */ = {
			isa = XCConfigurationList;
			buildConfigurations = (
				10EC75CD1DD0C5A500729151 /* Debug */,
				10EC75CE1DD0C5A500729151 /* Release */,
			);
			defaultConfigurationIsVisible = 0;
			defaultConfigurationName = Release;
		};
		10EC75D01DD0C5A500729151 /* Build configuration list for PBXNativeTarget "watchTune" */ = {
			isa = XCConfigurationList;
			buildConfigurations = (
				10EC75D11DD0C5A500729151 /* Debug */,
				10EC75D21DD0C5A500729151 /* Release */,
			);
			defaultConfigurationIsVisible = 0;
			defaultConfigurationName = Release;
		};
		10EC75D31DD0C5A500729151 /* Build configuration list for PBXNativeTarget "watchTuneTests" */ = {
			isa = XCConfigurationList;
			buildConfigurations = (
				10EC75D41DD0C5A500729151 /* Debug */,
				10EC75D51DD0C5A500729151 /* Release */,
			);
			defaultConfigurationIsVisible = 0;
			defaultConfigurationName = Release;
		};
		10EC75D61DD0C5A500729151 /* Build configuration list for PBXNativeTarget "watchTuneUITests" */ = {
			isa = XCConfigurationList;
			buildConfigurations = (
				10EC75D71DD0C5A500729151 /* Debug */,
				10EC75D81DD0C5A500729151 /* Release */,
			);
			defaultConfigurationIsVisible = 0;
			defaultConfigurationName = Release;
		};
/* End XCConfigurationList section */
	};
	rootObject = 10EC75771DD0C5A500729151 /* Project object */;
}
